// !$*UTF8*$!
{
	archiveVersion = 1;
	classes = {
	};
	objectVersion = 55;
	objects = {

/* Begin PBXBuildFile section */
		9F61913A27E8B89700D472EA /* SharedUI in Frameworks */ = {isa = PBXBuildFile; productRef = 9F61913927E8B89700D472EA /* SharedUI */; };
		9F7C08DF27E8C724006732EE /* AppTabbar.swift in Sources */ = {isa = PBXBuildFile; fileRef = 9F7C08DE27E8C724006732EE /* AppTabbar.swift */; };
		9F7C08E127E8C821006732EE /* Tabs.swift in Sources */ = {isa = PBXBuildFile; fileRef = 9F7C08E027E8C821006732EE /* Tabs.swift */; };
		9FADB98627E8846C00447FAB /* Items in Frameworks */ = {isa = PBXBuildFile; productRef = 9FADB98527E8846C00447FAB /* Items */; };
		9FD3106C27EA43B3003934D0 /* Magic in Frameworks */ = {isa = PBXBuildFile; productRef = 9FD3106B27EA43B3003934D0 /* Magic */; };
		9FD834B327E86D34000D98C3 /* App.swift in Sources */ = {isa = PBXBuildFile; fileRef = 9FD834B227E86D34000D98C3 /* App.swift */; };
		9FD834B727E86D36000D98C3 /* Assets.xcassets in Resources */ = {isa = PBXBuildFile; fileRef = 9FD834B627E86D36000D98C3 /* Assets.xcassets */; };
		9FD834BA27E86D36000D98C3 /* Preview Assets.xcassets in Resources */ = {isa = PBXBuildFile; fileRef = 9FD834B927E86D36000D98C3 /* Preview Assets.xcassets */; };
/* End PBXBuildFile section */

/* Begin PBXFileReference section */
		9F3E6EDB27E8B5AD0010A341 /* SharedUI */ = {isa = PBXFileReference; lastKnownFileType = wrapper; name = SharedUI; path = Modules/SharedUI; sourceTree = "<group>"; };
		9F7C08DE27E8C724006732EE /* AppTabbar.swift */ = {isa = PBXFileReference; lastKnownFileType = sourcecode.swift; path = AppTabbar.swift; sourceTree = "<group>"; };
		9F7C08E027E8C821006732EE /* Tabs.swift */ = {isa = PBXFileReference; lastKnownFileType = sourcecode.swift; path = Tabs.swift; sourceTree = "<group>"; };
		9FADB98327E8764E00447FAB /* Items */ = {isa = PBXFileReference; lastKnownFileType = wrapper; name = Items; path = Modules/Items; sourceTree = "<group>"; };
		9FD834AF27E86D34000D98C3 /* The Roundtable.app */ = {isa = PBXFileReference; explicitFileType = wrapper.application; includeInIndex = 0; path = "The Roundtable.app"; sourceTree = BUILT_PRODUCTS_DIR; };
		9FD834B227E86D34000D98C3 /* App.swift */ = {isa = PBXFileReference; lastKnownFileType = sourcecode.swift; path = App.swift; sourceTree = "<group>"; };
		9FD834B627E86D36000D98C3 /* Assets.xcassets */ = {isa = PBXFileReference; lastKnownFileType = folder.assetcatalog; path = Assets.xcassets; sourceTree = "<group>"; };
		9FD834B927E86D36000D98C3 /* Preview Assets.xcassets */ = {isa = PBXFileReference; lastKnownFileType = folder.assetcatalog; path = "Preview Assets.xcassets"; sourceTree = "<group>"; };
		9FD834C027E86E85000D98C3 /* Networking */ = {isa = PBXFileReference; lastKnownFileType = wrapper; name = Networking; path = Modules/Networking; sourceTree = "<group>"; };
		9FD834C127E86E9B000D98C3 /* ApolloModels */ = {isa = PBXFileReference; lastKnownFileType = wrapper; name = ApolloModels; path = Modules/ApolloModels; sourceTree = "<group>"; };
		9FD834C227E86F7B000D98C3 /* ApolloCodegen */ = {isa = PBXFileReference; lastKnownFileType = wrapper; name = ApolloCodegen; path = Modules/ApolloCodegen; sourceTree = "<group>"; };
		9FDD2CD327EA05A400EC6987 /* Magic */ = {isa = PBXFileReference; lastKnownFileType = wrapper; name = Magic; path = Modules/Magic; sourceTree = "<group>"; };
/* End PBXFileReference section */

/* Begin PBXFrameworksBuildPhase section */
		9FD834AC27E86D34000D98C3 /* Frameworks */ = {
			isa = PBXFrameworksBuildPhase;
			buildActionMask = 2147483647;
			files = (
				9FD3106C27EA43B3003934D0 /* Magic in Frameworks */,
				9FADB98627E8846C00447FAB /* Items in Frameworks */,
				9F61913A27E8B89700D472EA /* SharedUI in Frameworks */,
			);
			runOnlyForDeploymentPostprocessing = 0;
		};
/* End PBXFrameworksBuildPhase section */

/* Begin PBXGroup section */
		9F3E6EDA27E8AA360010A341 /* Tabbar */ = {
			isa = PBXGroup;
			children = (
				9F7C08DE27E8C724006732EE /* AppTabbar.swift */,
				9F7C08E027E8C821006732EE /* Tabs.swift */,
			);
			path = Tabbar;
			sourceTree = "<group>";
		};
		9FADB98427E8846C00447FAB /* Frameworks */ = {
			isa = PBXGroup;
			children = (
			);
			name = Frameworks;
			sourceTree = "<group>";
		};
		9FD834A627E86D34000D98C3 = {
			isa = PBXGroup;
			children = (
				9FD834B127E86D34000D98C3 /* The Roundtable */,
				9FD834C227E86F7B000D98C3 /* ApolloCodegen */,
				9FD834C127E86E9B000D98C3 /* ApolloModels */,
				9FADB98327E8764E00447FAB /* Items */,
				9FD834C027E86E85000D98C3 /* Networking */,
				9FDD2CD327EA05A400EC6987 /* Magic */,
				9F3E6EDB27E8B5AD0010A341 /* SharedUI */,
				9FD834B027E86D34000D98C3 /* Products */,
				9FADB98427E8846C00447FAB /* Frameworks */,
			);
			sourceTree = "<group>";
		};
		9FD834B027E86D34000D98C3 /* Products */ = {
			isa = PBXGroup;
			children = (
				9FD834AF27E86D34000D98C3 /* The Roundtable.app */,
			);
			name = Products;
			sourceTree = "<group>";
		};
		9FD834B127E86D34000D98C3 /* The Roundtable */ = {
			isa = PBXGroup;
			children = (
				9F3E6EDA27E8AA360010A341 /* Tabbar */,
				9FD834B227E86D34000D98C3 /* App.swift */,
				9FD834B627E86D36000D98C3 /* Assets.xcassets */,
				9FD834B827E86D36000D98C3 /* Preview Content */,
			);
			path = "The Roundtable";
			sourceTree = "<group>";
		};
		9FD834B827E86D36000D98C3 /* Preview Content */ = {
			isa = PBXGroup;
			children = (
				9FD834B927E86D36000D98C3 /* Preview Assets.xcassets */,
			);
			path = "Preview Content";
			sourceTree = "<group>";
		};
/* End PBXGroup section */

/* Begin PBXNativeTarget section */
		9FD834AE27E86D34000D98C3 /* The Roundtable */ = {
			isa = PBXNativeTarget;
			buildConfigurationList = 9FD834BD27E86D36000D98C3 /* Build configuration list for PBXNativeTarget "The Roundtable" */;
			buildPhases = (
				9FD834AB27E86D34000D98C3 /* Sources */,
				9FD834AC27E86D34000D98C3 /* Frameworks */,
				9FD834AD27E86D34000D98C3 /* Resources */,
			);
			buildRules = (
			);
			dependencies = (
			);
			name = "The Roundtable";
			packageProductDependencies = (
				9FADB98527E8846C00447FAB /* Items */,
				9F61913927E8B89700D472EA /* SharedUI */,
				9FD3106B27EA43B3003934D0 /* Magic */,
			);
			productName = "The Roundtable";
			productReference = 9FD834AF27E86D34000D98C3 /* The Roundtable.app */;
			productType = "com.apple.product-type.application";
		};
/* End PBXNativeTarget section */

/* Begin PBXProject section */
		9FD834A727E86D34000D98C3 /* Project object */ = {
			isa = PBXProject;
			attributes = {
				BuildIndependentTargetsInParallel = 1;
				LastSwiftUpdateCheck = 1330;
				LastUpgradeCheck = 1330;
				TargetAttributes = {
					9FD834AE27E86D34000D98C3 = {
						CreatedOnToolsVersion = 13.3;
					};
				};
			};
			buildConfigurationList = 9FD834AA27E86D34000D98C3 /* Build configuration list for PBXProject "The Roundtable" */;
			compatibilityVersion = "Xcode 13.0";
			developmentRegion = en;
			hasScannedForEncodings = 0;
			knownRegions = (
				en,
				Base,
			);
			mainGroup = 9FD834A627E86D34000D98C3;
			productRefGroup = 9FD834B027E86D34000D98C3 /* Products */;
			projectDirPath = "";
			projectRoot = "";
			targets = (
				9FD834AE27E86D34000D98C3 /* The Roundtable */,
			);
		};
/* End PBXProject section */

/* Begin PBXResourcesBuildPhase section */
		9FD834AD27E86D34000D98C3 /* Resources */ = {
			isa = PBXResourcesBuildPhase;
			buildActionMask = 2147483647;
			files = (
				9FD834BA27E86D36000D98C3 /* Preview Assets.xcassets in Resources */,
				9FD834B727E86D36000D98C3 /* Assets.xcassets in Resources */,
			);
			runOnlyForDeploymentPostprocessing = 0;
		};
/* End PBXResourcesBuildPhase section */

/* Begin PBXSourcesBuildPhase section */
		9FD834AB27E86D34000D98C3 /* Sources */ = {
			isa = PBXSourcesBuildPhase;
			buildActionMask = 2147483647;
			files = (
				9F7C08DF27E8C724006732EE /* AppTabbar.swift in Sources */,
				9FD834B327E86D34000D98C3 /* App.swift in Sources */,
				9F7C08E127E8C821006732EE /* Tabs.swift in Sources */,
			);
			runOnlyForDeploymentPostprocessing = 0;
		};
/* End PBXSourcesBuildPhase section */

/* Begin XCBuildConfiguration section */
		9FD834BB27E86D36000D98C3 /* Debug */ = {
			isa = XCBuildConfiguration;
			buildSettings = {
				ALWAYS_SEARCH_USER_PATHS = NO;
				CLANG_ANALYZER_NONNULL = YES;
				CLANG_ANALYZER_NUMBER_OBJECT_CONVERSION = YES_AGGRESSIVE;
				CLANG_CXX_LANGUAGE_STANDARD = "gnu++17";
				CLANG_ENABLE_MODULES = YES;
				CLANG_ENABLE_OBJC_ARC = YES;
				CLANG_ENABLE_OBJC_WEAK = YES;
				CLANG_WARN_BLOCK_CAPTURE_AUTORELEASING = YES;
				CLANG_WARN_BOOL_CONVERSION = YES;
				CLANG_WARN_COMMA = YES;
				CLANG_WARN_CONSTANT_CONVERSION = YES;
				CLANG_WARN_DEPRECATED_OBJC_IMPLEMENTATIONS = YES;
				CLANG_WARN_DIRECT_OBJC_ISA_USAGE = YES_ERROR;
				CLANG_WARN_DOCUMENTATION_COMMENTS = YES;
				CLANG_WARN_EMPTY_BODY = YES;
				CLANG_WARN_ENUM_CONVERSION = YES;
				CLANG_WARN_INFINITE_RECURSION = YES;
				CLANG_WARN_INT_CONVERSION = YES;
				CLANG_WARN_NON_LITERAL_NULL_CONVERSION = YES;
				CLANG_WARN_OBJC_IMPLICIT_RETAIN_SELF = YES;
				CLANG_WARN_OBJC_LITERAL_CONVERSION = YES;
				CLANG_WARN_OBJC_ROOT_CLASS = YES_ERROR;
				CLANG_WARN_QUOTED_INCLUDE_IN_FRAMEWORK_HEADER = YES;
				CLANG_WARN_RANGE_LOOP_ANALYSIS = YES;
				CLANG_WARN_STRICT_PROTOTYPES = YES;
				CLANG_WARN_SUSPICIOUS_MOVE = YES;
				CLANG_WARN_UNGUARDED_AVAILABILITY = YES_AGGRESSIVE;
				CLANG_WARN_UNREACHABLE_CODE = YES;
				CLANG_WARN__DUPLICATE_METHOD_MATCH = YES;
				COPY_PHASE_STRIP = NO;
				DEBUG_INFORMATION_FORMAT = dwarf;
				ENABLE_STRICT_OBJC_MSGSEND = YES;
				ENABLE_TESTABILITY = YES;
				GCC_C_LANGUAGE_STANDARD = gnu11;
				GCC_DYNAMIC_NO_PIC = NO;
				GCC_NO_COMMON_BLOCKS = YES;
				GCC_OPTIMIZATION_LEVEL = 0;
				GCC_PREPROCESSOR_DEFINITIONS = (
					"DEBUG=1",
					"$(inherited)",
				);
				GCC_WARN_64_TO_32_BIT_CONVERSION = YES;
				GCC_WARN_ABOUT_RETURN_TYPE = YES_ERROR;
				GCC_WARN_UNDECLARED_SELECTOR = YES;
				GCC_WARN_UNINITIALIZED_AUTOS = YES_AGGRESSIVE;
				GCC_WARN_UNUSED_FUNCTION = YES;
				GCC_WARN_UNUSED_VARIABLE = YES;
				IPHONEOS_DEPLOYMENT_TARGET = 15.4;
				MTL_ENABLE_DEBUG_INFO = INCLUDE_SOURCE;
				MTL_FAST_MATH = YES;
				ONLY_ACTIVE_ARCH = YES;
				SDKROOT = iphoneos;
				SWIFT_ACTIVE_COMPILATION_CONDITIONS = DEBUG;
				SWIFT_OPTIMIZATION_LEVEL = "-Onone";
			};
			name = Debug;
		};
		9FD834BC27E86D36000D98C3 /* Release */ = {
			isa = XCBuildConfiguration;
			buildSettings = {
				ALWAYS_SEARCH_USER_PATHS = NO;
				CLANG_ANALYZER_NONNULL = YES;
				CLANG_ANALYZER_NUMBER_OBJECT_CONVERSION = YES_AGGRESSIVE;
				CLANG_CXX_LANGUAGE_STANDARD = "gnu++17";
				CLANG_ENABLE_MODULES = YES;
				CLANG_ENABLE_OBJC_ARC = YES;
				CLANG_ENABLE_OBJC_WEAK = YES;
				CLANG_WARN_BLOCK_CAPTURE_AUTORELEASING = YES;
				CLANG_WARN_BOOL_CONVERSION = YES;
				CLANG_WARN_COMMA = YES;
				CLANG_WARN_CONSTANT_CONVERSION = YES;
				CLANG_WARN_DEPRECATED_OBJC_IMPLEMENTATIONS = YES;
				CLANG_WARN_DIRECT_OBJC_ISA_USAGE = YES_ERROR;
				CLANG_WARN_DOCUMENTATION_COMMENTS = YES;
				CLANG_WARN_EMPTY_BODY = YES;
				CLANG_WARN_ENUM_CONVERSION = YES;
				CLANG_WARN_INFINITE_RECURSION = YES;
				CLANG_WARN_INT_CONVERSION = YES;
				CLANG_WARN_NON_LITERAL_NULL_CONVERSION = YES;
				CLANG_WARN_OBJC_IMPLICIT_RETAIN_SELF = YES;
				CLANG_WARN_OBJC_LITERAL_CONVERSION = YES;
				CLANG_WARN_OBJC_ROOT_CLASS = YES_ERROR;
				CLANG_WARN_QUOTED_INCLUDE_IN_FRAMEWORK_HEADER = YES;
				CLANG_WARN_RANGE_LOOP_ANALYSIS = YES;
				CLANG_WARN_STRICT_PROTOTYPES = YES;
				CLANG_WARN_SUSPICIOUS_MOVE = YES;
				CLANG_WARN_UNGUARDED_AVAILABILITY = YES_AGGRESSIVE;
				CLANG_WARN_UNREACHABLE_CODE = YES;
				CLANG_WARN__DUPLICATE_METHOD_MATCH = YES;
				COPY_PHASE_STRIP = NO;
				DEBUG_INFORMATION_FORMAT = "dwarf-with-dsym";
				ENABLE_NS_ASSERTIONS = NO;
				ENABLE_STRICT_OBJC_MSGSEND = YES;
				GCC_C_LANGUAGE_STANDARD = gnu11;
				GCC_NO_COMMON_BLOCKS = YES;
				GCC_WARN_64_TO_32_BIT_CONVERSION = YES;
				GCC_WARN_ABOUT_RETURN_TYPE = YES_ERROR;
				GCC_WARN_UNDECLARED_SELECTOR = YES;
				GCC_WARN_UNINITIALIZED_AUTOS = YES_AGGRESSIVE;
				GCC_WARN_UNUSED_FUNCTION = YES;
				GCC_WARN_UNUSED_VARIABLE = YES;
				IPHONEOS_DEPLOYMENT_TARGET = 15.4;
				MTL_ENABLE_DEBUG_INFO = NO;
				MTL_FAST_MATH = YES;
				SDKROOT = iphoneos;
				SWIFT_COMPILATION_MODE = wholemodule;
				SWIFT_OPTIMIZATION_LEVEL = "-O";
				VALIDATE_PRODUCT = YES;
			};
			name = Release;
		};
		9FD834BE27E86D36000D98C3 /* Debug */ = {
			isa = XCBuildConfiguration;
			buildSettings = {
				ASSETCATALOG_COMPILER_APPICON_NAME = AppIcon;
				ASSETCATALOG_COMPILER_GLOBAL_ACCENT_COLOR_NAME = AccentColor;
				CODE_SIGN_STYLE = Automatic;
				CURRENT_PROJECT_VERSION = 1;
				DEVELOPMENT_ASSET_PATHS = "\"The Roundtable/Preview Content\"";
				DEVELOPMENT_TEAM = K5WN7B7AT2;
				ENABLE_PREVIEWS = YES;
				GENERATE_INFOPLIST_FILE = YES;
				INFOPLIST_KEY_UIApplicationSceneManifest_Generation = YES;
				INFOPLIST_KEY_UIApplicationSupportsIndirectInputEvents = YES;
				INFOPLIST_KEY_UILaunchScreen_Generation = YES;
				INFOPLIST_KEY_UISupportedInterfaceOrientations_iPad = "UIInterfaceOrientationPortrait UIInterfaceOrientationPortraitUpsideDown UIInterfaceOrientationLandscapeLeft UIInterfaceOrientationLandscapeRight";
				INFOPLIST_KEY_UISupportedInterfaceOrientations_iPhone = "UIInterfaceOrientationPortrait UIInterfaceOrientationLandscapeLeft UIInterfaceOrientationLandscapeRight";
				LD_RUNPATH_SEARCH_PATHS = (
					"$(inherited)",
					"@executable_path/Frameworks",
				);
				MARKETING_VERSION = 1.0;
				PRODUCT_BUNDLE_IDENTIFIER = "com.thomas.The-Roundtable";
				PRODUCT_NAME = "$(TARGET_NAME)";
				SWIFT_EMIT_LOC_STRINGS = YES;
				SWIFT_VERSION = 5.0;
				TARGETED_DEVICE_FAMILY = "1,2";
			};
			name = Debug;
		};
		9FD834BF27E86D36000D98C3 /* Release */ = {
			isa = XCBuildConfiguration;
			buildSettings = {
				ASSETCATALOG_COMPILER_APPICON_NAME = AppIcon;
				ASSETCATALOG_COMPILER_GLOBAL_ACCENT_COLOR_NAME = AccentColor;
				CODE_SIGN_STYLE = Automatic;
				CURRENT_PROJECT_VERSION = 1;
				DEVELOPMENT_ASSET_PATHS = "\"The Roundtable/Preview Content\"";
				DEVELOPMENT_TEAM = K5WN7B7AT2;
				ENABLE_PREVIEWS = YES;
				GENERATE_INFOPLIST_FILE = YES;
				INFOPLIST_KEY_UIApplicationSceneManifest_Generation = YES;
				INFOPLIST_KEY_UIApplicationSupportsIndirectInputEvents = YES;
				INFOPLIST_KEY_UILaunchScreen_Generation = YES;
				INFOPLIST_KEY_UISupportedInterfaceOrientations_iPad = "UIInterfaceOrientationPortrait UIInterfaceOrientationPortraitUpsideDown UIInterfaceOrientationLandscapeLeft UIInterfaceOrientationLandscapeRight";
				INFOPLIST_KEY_UISupportedInterfaceOrientations_iPhone = "UIInterfaceOrientationPortrait UIInterfaceOrientationLandscapeLeft UIInterfaceOrientationLandscapeRight";
				LD_RUNPATH_SEARCH_PATHS = (
					"$(inherited)",
					"@executable_path/Frameworks",
				);
				MARKETING_VERSION = 1.0;
				PRODUCT_BUNDLE_IDENTIFIER = "com.thomas.The-Roundtable";
				PRODUCT_NAME = "$(TARGET_NAME)";
				SWIFT_EMIT_LOC_STRINGS = YES;
				SWIFT_VERSION = 5.0;
				TARGETED_DEVICE_FAMILY = "1,2";
			};
			name = Release;
		};
/* End XCBuildConfiguration section */

/* Begin XCConfigurationList section */
		9FD834AA27E86D34000D98C3 /* Build configuration list for PBXProject "The Roundtable" */ = {
			isa = XCConfigurationList;
			buildConfigurations = (
				9FD834BB27E86D36000D98C3 /* Debug */,
				9FD834BC27E86D36000D98C3 /* Release */,
			);
			defaultConfigurationIsVisible = 0;
			defaultConfigurationName = Release;
		};
		9FD834BD27E86D36000D98C3 /* Build configuration list for PBXNativeTarget "The Roundtable" */ = {
			isa = XCConfigurationList;
			buildConfigurations = (
				9FD834BE27E86D36000D98C3 /* Debug */,
				9FD834BF27E86D36000D98C3 /* Release */,
			);
			defaultConfigurationIsVisible = 0;
			defaultConfigurationName = Release;
		};
/* End XCConfigurationList section */

/* Begin XCSwiftPackageProductDependency section */
		9F61913927E8B89700D472EA /* SharedUI */ = {
			isa = XCSwiftPackageProductDependency;
			productName = SharedUI;
		};
		9FADB98527E8846C00447FAB /* Items */ = {
			isa = XCSwiftPackageProductDependency;
			productName = Items;
		};
		9FD3106B27EA43B3003934D0 /* Magic */ = {
			isa = XCSwiftPackageProductDependency;
			productName = Magic;
		};
/* End XCSwiftPackageProductDependency section */
	};
	rootObject = 9FD834A727E86D34000D98C3 /* Project object */;
}
